
Microsoft Visual Studio Solution File, Format Version 12.00
# Visual Studio 15
VisualStudioVersion = 15.0.28010.2041
MinimumVisualStudioVersion = 10.0.40219.1
Project("{FAE04EC0-301F-11D3-BF4B-00C04F79EFBC}") = "assignmentfirst", "assignmentfirst\assignmentfirst.csproj", "{476DD48F-972F-4AB2-91A3-BA88A0EA5959}"
EndProject
Project("{FAE04EC0-301F-11D3-BF4B-00C04F79EFBC}") = "assignmentfirst.Tests", "assignmentfirst.Tests\assignmentfirst.Tests.csproj", "{CC796508-CBEC-46F8-8330-8B2E63DA121B}"
EndProject
Global
	GlobalSection(SolutionConfigurationPlatforms) = preSolution
		Debug|Any CPU = Debug|Any CPU
		Release|Any CPU = Release|Any CPU
	EndGlobalSection
	GlobalSection(ProjectConfigurationPlatforms) = postSolution
		{476DD48F-972F-4AB2-91A3-BA88A0EA5959}.Debug|Any CPU.ActiveCfg = Debug|Any CPU
		{476DD48F-972F-4AB2-91A3-BA88A0EA5959}.Debug|Any CPU.Build.0 = Debug|Any CPU
		{476DD48F-972F-4AB2-91A3-BA88A0EA5959}.Release|Any CPU.ActiveCfg = Release|Any CPU
		{476DD48F-972F-4AB2-91A3-BA88A0EA5959}.Release|Any CPU.Build.0 = Release|Any CPU
		{CC796508-CBEC-46F8-8330-8B2E63DA121B}.Debug|Any CPU.ActiveCfg = Debug|Any CPU
		{CC796508-CBEC-46F8-8330-8B2E63DA121B}.Debug|Any CPU.Build.0 = Debug|Any CPU
		{CC796508-CBEC-46F8-8330-8B2E63DA121B}.Release|Any CPU.ActiveCfg = Release|Any CPU
		{CC796508-CBEC-46F8-8330-8B2E63DA121B}.Release|Any CPU.Build.0 = Release|Any CPU
	EndGlobalSection
	GlobalSection(SolutionProperties) = preSolution
		HideSolutionNode = FALSE
	EndGlobalSection
	GlobalSection(ExtensibilityGlobals) = postSolution
		SolutionGuid = {8E1C5228-6005-4AEB-B341-94F77FC57373}
	EndGlobalSection
EndGlobal
